
Microsoft Visual Studio Solution File, Format Version 12.00
# Visual Studio 15
VisualStudioVersion = 15.0.28010.2050
MinimumVisualStudioVersion = 10.0.40219.1
Project("{8BC9CEB8-8B4A-11D0-8D11-00A0C91BC942}") = "OpenGL_examples", "OpenGL_examples\OpenGL_examples.vcxproj", "{487F62DD-B15B-40F4-940E-BAFA71F2B05B}"
EndProject
Global
	GlobalSection(SolutionConfigurationPlatforms) = preSolution
		Debug|x64 = Debug|x64
		Debug|x86 = Debug|x86
		Release|x64 = Release|x64
		Release|x86 = Release|x86
	EndGlobalSection
	GlobalSection(ProjectConfigurationPlatforms) = postSolution
		{487F62DD-B15B-40F4-940E-BAFA71F2B05B}.Debug|x64.ActiveCfg = Debug|x64
		{487F62DD-B15B-40F4-940E-BAFA71F2B05B}.Debug|x64.Build.0 = Debug|x64
		{487F62DD-B15B-40F4-940E-BAFA71F2B05B}.Debug|x86.ActiveCfg = Debug|Win32
		{487F62DD-B15B-40F4-940E-BAFA71F2B05B}.Debug|x86.Build.0 = Debug|Win32
		{487F62DD-B15B-40F4-940E-BAFA71F2B05B}.Release|x64.ActiveCfg = Release|x64
		{487F62DD-B15B-40F4-940E-BAFA71F2B05B}.Release|x64.Build.0 = Release|x64
		{487F62DD-B15B-40F4-940E-BAFA71F2B05B}.Release|x86.ActiveCfg = Release|Win32
		{487F62DD-B15B-40F4-940E-BAFA71F2B05B}.Release|x86.Build.0 = Release|Win32
	EndGlobalSection
	GlobalSection(SolutionProperties) = preSolution
		HideSolutionNode = FALSE
	EndGlobalSection
	GlobalSection(ExtensibilityGlobals) = postSolution
		SolutionGuid = {70FF8334-6AA2-413B-8B49-A7A065818AE2}
	EndGlobalSection
EndGlobal
